
Microsoft Visual Studio Solution File, Format Version 12.00
# Visual Studio Version 16
VisualStudioVersion = 16.0.30320.27
MinimumVisualStudioVersion = 10.0.40219.1
Project("{9A19103F-16F7-4668-BE54-9A1E7A4F7556}") = "TFG_FUTBOL", "TFG_FUTBOL.csproj", "{978A7735-B653-41AA-B999-B9D54DF4C4EE}"
EndProject
Project("{FAE04EC0-301F-11D3-BF4B-00C04F79EFBC}") = "DummyDataAccess", "DummyDataAccess\DummyDataAccess.csproj", "{244ADB19-C0C3-4E80-96B5-854725192EEE}"
EndProject
Project("{FAE04EC0-301F-11D3-BF4B-00C04F79EFBC}") = "DummyWebApi", "DummyWebApi\DummyWebApi.csproj", "{7D7068F7-D656-42AF-88A4-4698BC9B5703}"
EndProject
Global
	GlobalSection(SolutionConfigurationPlatforms) = preSolution
		Debug|Any CPU = Debug|Any CPU
		Release|Any CPU = Release|Any CPU
	EndGlobalSection
	GlobalSection(ProjectConfigurationPlatforms) = postSolution
		{978A7735-B653-41AA-B999-B9D54DF4C4EE}.Debug|Any CPU.ActiveCfg = Debug|Any CPU
		{978A7735-B653-41AA-B999-B9D54DF4C4EE}.Debug|Any CPU.Build.0 = Debug|Any CPU
		{978A7735-B653-41AA-B999-B9D54DF4C4EE}.Release|Any CPU.ActiveCfg = Release|Any CPU
		{978A7735-B653-41AA-B999-B9D54DF4C4EE}.Release|Any CPU.Build.0 = Release|Any CPU
		{244ADB19-C0C3-4E80-96B5-854725192EEE}.Debug|Any CPU.ActiveCfg = Debug|Any CPU
		{244ADB19-C0C3-4E80-96B5-854725192EEE}.Debug|Any CPU.Build.0 = Debug|Any CPU
		{244ADB19-C0C3-4E80-96B5-854725192EEE}.Release|Any CPU.ActiveCfg = Release|Any CPU
		{244ADB19-C0C3-4E80-96B5-854725192EEE}.Release|Any CPU.Build.0 = Release|Any CPU
		{7D7068F7-D656-42AF-88A4-4698BC9B5703}.Debug|Any CPU.ActiveCfg = Debug|Any CPU
		{7D7068F7-D656-42AF-88A4-4698BC9B5703}.Debug|Any CPU.Build.0 = Debug|Any CPU
		{7D7068F7-D656-42AF-88A4-4698BC9B5703}.Release|Any CPU.ActiveCfg = Release|Any CPU
		{7D7068F7-D656-42AF-88A4-4698BC9B5703}.Release|Any CPU.Build.0 = Release|Any CPU
	EndGlobalSection
	GlobalSection(SolutionProperties) = preSolution
		HideSolutionNode = FALSE
	EndGlobalSection
	GlobalSection(ExtensibilityGlobals) = postSolution
		SolutionGuid = {AA2B8C33-9919-4049-A170-8DE827B8BC21}
	EndGlobalSection
EndGlobal
